
Microsoft Visual Studio Solution File, Format Version 12.00
# Visual Studio 15
VisualStudioVersion = 15.0.27130.2027
MinimumVisualStudioVersion = 10.0.40219.1
Project("{FAE04EC0-301F-11D3-BF4B-00C04F79EFBC}") = "LudoManiac", "LudoManiac\LudoManiac.csproj", "{CF769DC4-519C-4322-89B8-550D9F700FCD}"
EndProject
Global
	GlobalSection(SolutionConfigurationPlatforms) = preSolution
		Debug|Any CPU = Debug|Any CPU
		Release|Any CPU = Release|Any CPU
	EndGlobalSection
	GlobalSection(ProjectConfigurationPlatforms) = postSolution
		{CF769DC4-519C-4322-89B8-550D9F700FCD}.Debug|Any CPU.ActiveCfg = Debug|Any CPU
		{CF769DC4-519C-4322-89B8-550D9F700FCD}.Debug|Any CPU.Build.0 = Debug|Any CPU
		{CF769DC4-519C-4322-89B8-550D9F700FCD}.Release|Any CPU.ActiveCfg = Release|Any CPU
		{CF769DC4-519C-4322-89B8-550D9F700FCD}.Release|Any CPU.Build.0 = Release|Any CPU
	EndGlobalSection
	GlobalSection(SolutionProperties) = preSolution
		HideSolutionNode = FALSE
	EndGlobalSection
	GlobalSection(ExtensibilityGlobals) = postSolution
		SolutionGuid = {2650CFE1-A8A8-400C-A649-07AD4C602482}
	EndGlobalSection
EndGlobal
